
Microsoft Visual Studio Solution File, Format Version 12.00
# Visual Studio Version 16
VisualStudioVersion = 16.0.31321.278
MinimumVisualStudioVersion = 10.0.40219.1
Project("{8BC9CEB8-8B4A-11D0-8D11-00A0C91BC942}") = "VikaAlh6", "VikaAlh6\VikaAlh6.vcxproj", "{DEE075C9-9E8C-4D2E-BF9B-FAF66D1B8EB2}"
EndProject
Global
	GlobalSection(SolutionConfigurationPlatforms) = preSolution
		Debug|x64 = Debug|x64
		Debug|x86 = Debug|x86
		Release|x64 = Release|x64
		Release|x86 = Release|x86
	EndGlobalSection
	GlobalSection(ProjectConfigurationPlatforms) = postSolution
		{DEE075C9-9E8C-4D2E-BF9B-FAF66D1B8EB2}.Debug|x64.ActiveCfg = Debug|x64
		{DEE075C9-9E8C-4D2E-BF9B-FAF66D1B8EB2}.Debug|x64.Build.0 = Debug|x64
		{DEE075C9-9E8C-4D2E-BF9B-FAF66D1B8EB2}.Debug|x86.ActiveCfg = Debug|Win32
		{DEE075C9-9E8C-4D2E-BF9B-FAF66D1B8EB2}.Debug|x86.Build.0 = Debug|Win32
		{DEE075C9-9E8C-4D2E-BF9B-FAF66D1B8EB2}.Release|x64.ActiveCfg = Release|x64
		{DEE075C9-9E8C-4D2E-BF9B-FAF66D1B8EB2}.Release|x64.Build.0 = Release|x64
		{DEE075C9-9E8C-4D2E-BF9B-FAF66D1B8EB2}.Release|x86.ActiveCfg = Release|Win32
		{DEE075C9-9E8C-4D2E-BF9B-FAF66D1B8EB2}.Release|x86.Build.0 = Release|Win32
	EndGlobalSection
	GlobalSection(SolutionProperties) = preSolution
		HideSolutionNode = FALSE
	EndGlobalSection
	GlobalSection(ExtensibilityGlobals) = postSolution
		SolutionGuid = {050C9F95-045E-4A8C-AA69-908110FF3E51}
	EndGlobalSection
EndGlobal
